
Microsoft Visual Studio Solution File, Format Version 12.00
# Visual Studio Version 17
VisualStudioVersion = 17.7.34024.191
MinimumVisualStudioVersion = 10.0.40219.1
Project("{FAE04EC0-301F-11D3-BF4B-00C04F79EFBC}") = "Builder", "Builder\Builder.csproj", "{811A2776-437F-4376-90CE-03B213FAAA7E}"
EndProject
Global
	GlobalSection(SolutionConfigurationPlatforms) = preSolution
		Debug|Any CPU = Debug|Any CPU
		Release|Any CPU = Release|Any CPU
	EndGlobalSection
	GlobalSection(ProjectConfigurationPlatforms) = postSolution
		{811A2776-437F-4376-90CE-03B213FAAA7E}.Debug|Any CPU.ActiveCfg = Debug|Any CPU
		{811A2776-437F-4376-90CE-03B213FAAA7E}.Debug|Any CPU.Build.0 = Debug|Any CPU
		{811A2776-437F-4376-90CE-03B213FAAA7E}.Release|Any CPU.ActiveCfg = Release|Any CPU
		{811A2776-437F-4376-90CE-03B213FAAA7E}.Release|Any CPU.Build.0 = Release|Any CPU
	EndGlobalSection
	GlobalSection(SolutionProperties) = preSolution
		HideSolutionNode = FALSE
	EndGlobalSection
	GlobalSection(ExtensibilityGlobals) = postSolution
		SolutionGuid = {23CF72DC-C2B5-4089-8A1D-5A6F3409962C}
	EndGlobalSection
EndGlobal
